
Microsoft Visual Studio Solution File, Format Version 12.00
# Visual Studio Version 17
VisualStudioVersion = 17.2.32526.322
MinimumVisualStudioVersion = 10.0.40219.1
Project("{9A19103F-16F7-4668-BE54-9A1E7A4F7556}") = "elefanti60", "elefanti60\elefanti60.csproj", "{A0E5528D-E011-4D5E-8F8F-1DA261D3FEE3}"
EndProject
Project("{9A19103F-16F7-4668-BE54-9A1E7A4F7556}") = "elefanti60Tests", "TestProject1\elefanti60Tests.csproj", "{053C6198-C159-4250-B6FA-C7B71DD79EC2}"
EndProject
Project("{E53339B2-1760-4266-BCC7-CA923CBCF16C}") = "docker-compose", "docker-compose.dcproj", "{3EC696E8-F653-4239-92FE-E13DCA911EDF}"
EndProject
Global
	GlobalSection(SolutionConfigurationPlatforms) = preSolution
		Debug|Any CPU = Debug|Any CPU
		Release|Any CPU = Release|Any CPU
	EndGlobalSection
	GlobalSection(ProjectConfigurationPlatforms) = postSolution
		{A0E5528D-E011-4D5E-8F8F-1DA261D3FEE3}.Debug|Any CPU.ActiveCfg = Debug|Any CPU
		{A0E5528D-E011-4D5E-8F8F-1DA261D3FEE3}.Debug|Any CPU.Build.0 = Debug|Any CPU
		{A0E5528D-E011-4D5E-8F8F-1DA261D3FEE3}.Release|Any CPU.ActiveCfg = Release|Any CPU
		{A0E5528D-E011-4D5E-8F8F-1DA261D3FEE3}.Release|Any CPU.Build.0 = Release|Any CPU
		{053C6198-C159-4250-B6FA-C7B71DD79EC2}.Debug|Any CPU.ActiveCfg = Debug|Any CPU
		{053C6198-C159-4250-B6FA-C7B71DD79EC2}.Debug|Any CPU.Build.0 = Debug|Any CPU
		{053C6198-C159-4250-B6FA-C7B71DD79EC2}.Release|Any CPU.ActiveCfg = Release|Any CPU
		{053C6198-C159-4250-B6FA-C7B71DD79EC2}.Release|Any CPU.Build.0 = Release|Any CPU
		{3EC696E8-F653-4239-92FE-E13DCA911EDF}.Debug|Any CPU.ActiveCfg = Debug|Any CPU
		{3EC696E8-F653-4239-92FE-E13DCA911EDF}.Debug|Any CPU.Build.0 = Debug|Any CPU
		{3EC696E8-F653-4239-92FE-E13DCA911EDF}.Release|Any CPU.ActiveCfg = Release|Any CPU
		{3EC696E8-F653-4239-92FE-E13DCA911EDF}.Release|Any CPU.Build.0 = Release|Any CPU
	EndGlobalSection
	GlobalSection(SolutionProperties) = preSolution
		HideSolutionNode = FALSE
	EndGlobalSection
	GlobalSection(ExtensibilityGlobals) = postSolution
		SolutionGuid = {716F185C-1EF8-47DA-B042-5EF0B974F260}
	EndGlobalSection
EndGlobal
